
Microsoft Visual Studio Solution File, Format Version 12.00
# Visual Studio Version 16
VisualStudioVersion = 16.0.29001.49
MinimumVisualStudioVersion = 10.0.40219.1
Project("{FAE04EC0-301F-11D3-BF4B-00C04F79EFBC}") = "galleryprojectb", "galleryprojectb.csproj", "{77401347-F3B4-447D-A1DA-806FC0476E6A}"
EndProject
Global
	GlobalSection(SolutionConfigurationPlatforms) = preSolution
		Debug|Any CPU = Debug|Any CPU
		Release|Any CPU = Release|Any CPU
	EndGlobalSection
	GlobalSection(ProjectConfigurationPlatforms) = postSolution
		{77401347-F3B4-447D-A1DA-806FC0476E6A}.Debug|Any CPU.ActiveCfg = Debug|Any CPU
		{77401347-F3B4-447D-A1DA-806FC0476E6A}.Debug|Any CPU.Build.0 = Debug|Any CPU
		{77401347-F3B4-447D-A1DA-806FC0476E6A}.Release|Any CPU.ActiveCfg = Release|Any CPU
		{77401347-F3B4-447D-A1DA-806FC0476E6A}.Release|Any CPU.Build.0 = Release|Any CPU
	EndGlobalSection
	GlobalSection(SolutionProperties) = preSolution
		HideSolutionNode = FALSE
	EndGlobalSection
	GlobalSection(ExtensibilityGlobals) = postSolution
		SolutionGuid = {AF7E220D-5631-41AA-8636-5DE45E4A3E8D}
	EndGlobalSection
EndGlobal
